
Microsoft Visual Studio Solution File, Format Version 12.00
# Visual Studio Version 16
VisualStudioVersion = 16.0.30907.101
MinimumVisualStudioVersion = 10.0.40219.1
Project("{FAE04EC0-301F-11D3-BF4B-00C04F79EFBC}") = "CSAMUtils", "CSAMUtils\CSAMUtils.csproj", "{7588469F-F891-4F7E-BD2A-E7C35B1C6072}"
EndProject
Project("{2150E333-8FDC-42A3-9474-1A3956D46DE8}") = "ExampleFiles", "ExampleFiles", "{DA01E45F-E5E0-4419-8806-306CFEBD3D61}"
	ProjectSection(SolutionItems) = preProject
		ExampleFiles\BH-01_AG1.jpg = ExampleFiles\BH-01_AG1.jpg
		ExampleFiles\BH-01_AG4_002.jpg = ExampleFiles\BH-01_AG4_002.jpg
		ExampleFiles\BH-01_AG4_003.jpg = ExampleFiles\BH-01_AG4_003.jpg
		ExampleFiles\BH-01_AG4_004.jpg = ExampleFiles\BH-01_AG4_004.jpg
		ExampleFiles\BH-01_AG4_005.jpg = ExampleFiles\BH-01_AG4_005.jpg
		ExampleFiles\BH-01_CSAM2_AG4_001.jpg = ExampleFiles\BH-01_CSAM2_AG4_001.jpg
		ExampleFiles\BH-01_CSAM2_AG4_002.jpg = ExampleFiles\BH-01_CSAM2_AG4_002.jpg
		ExampleFiles\BH-01_CSAM2_AG4_004.jpg = ExampleFiles\BH-01_CSAM2_AG4_004.jpg
		ExampleFiles\BH-01_CSAM3_AG4_003.jpg = ExampleFiles\BH-01_CSAM3_AG4_003.jpg
		ExampleFiles\ExampleImage.jpg = ExampleFiles\ExampleImage.jpg
		ExampleFiles\ExampleImageRotate10deg.jpg = ExampleFiles\ExampleImageRotate10deg.jpg
		ExampleFiles\ExampleImageRotate4.jpg = ExampleFiles\ExampleImageRotate4.jpg
		ExampleFiles\ExampleImageRotateNeg10.jpg = ExampleFiles\ExampleImageRotateNeg10.jpg
		ExampleFiles\ExampleImageRotateNeg4.jpg = ExampleFiles\ExampleImageRotateNeg4.jpg
		ExampleFiles\TH-01_AG1.jpg = ExampleFiles\TH-01_AG1.jpg
		ExampleFiles\TH-01_AG4.jpg = ExampleFiles\TH-01_AG4.jpg
		ExampleFiles\TH-01_AG4_001.jpg = ExampleFiles\TH-01_AG4_001.jpg
		ExampleFiles\TH-01_AG4_002.jpg = ExampleFiles\TH-01_AG4_002.jpg
		ExampleFiles\TH-01_AG4_003.jpg = ExampleFiles\TH-01_AG4_003.jpg
		ExampleFiles\TH-01_AG4_004.jpg = ExampleFiles\TH-01_AG4_004.jpg
		ExampleFiles\TH-01_AG4_005.jpg = ExampleFiles\TH-01_AG4_005.jpg
		ExampleFiles\TH-01_CSAM2_AG4_001.jpg = ExampleFiles\TH-01_CSAM2_AG4_001.jpg
		ExampleFiles\TH-01_CSAM2_AG4_002.jpg = ExampleFiles\TH-01_CSAM2_AG4_002.jpg
		ExampleFiles\TH-01_CSAM2_AG4_004.jpg = ExampleFiles\TH-01_CSAM2_AG4_004.jpg
		ExampleFiles\TH-01_CSAM3_AG4_003.jpg = ExampleFiles\TH-01_CSAM3_AG4_003.jpg
	EndProjectSection
EndProject
Project("{2150E333-8FDC-42A3-9474-1A3956D46DE8}") = "Solution Items", "Solution Items", "{DE5328F3-A9CB-478A-90F2-367E5C109333}"
	ProjectSection(SolutionItems) = preProject
		ReadMe.md = ReadMe.md
	EndProjectSection
EndProject
Project("{2150E333-8FDC-42A3-9474-1A3956D46DE8}") = "Templates", "Templates", "{243C1DB0-1677-4938-942A-4F962465C136}"
	ProjectSection(SolutionItems) = preProject
		ExampleFiles\Templates\ExampleRotated.jpg = ExampleFiles\Templates\ExampleRotated.jpg
		ExampleFiles\Templates\nonTranspTemplate.png = ExampleFiles\Templates\nonTranspTemplate.png
		ExampleFiles\Templates\renderedTemplate.png = ExampleFiles\Templates\renderedTemplate.png
		ExampleFiles\Templates\TranspTemplate.png = ExampleFiles\Templates\TranspTemplate.png
	EndProjectSection
EndProject
Project("{FAE04EC0-301F-11D3-BF4B-00C04F79EFBC}") = "CSAMUtils_UnitTests", "CSAMUtils_UnitTests\CSAMUtils_UnitTests.csproj", "{9F7EB066-075C-4A0B-AD37-7FDA7C4D8797}"
EndProject
Project("{FAE04EC0-301F-11D3-BF4B-00C04F79EFBC}") = "CSAM_Manual", "CSAM_ManualLabeler\CSAM_Manual.csproj", "{833FA211-A994-48F9-B18B-73B92D0B3039}"
EndProject
Project("{FAE04EC0-301F-11D3-BF4B-00C04F79EFBC}") = "CSAMCommon", "CSAMCommon\CSAMCommon.csproj", "{8C90FEC9-1779-491D-9DB7-2C2B580766E7}"
EndProject
Global
	GlobalSection(SolutionConfigurationPlatforms) = preSolution
		Debug|Any CPU = Debug|Any CPU
		Release|Any CPU = Release|Any CPU
	EndGlobalSection
	GlobalSection(ProjectConfigurationPlatforms) = postSolution
		{7588469F-F891-4F7E-BD2A-E7C35B1C6072}.Debug|Any CPU.ActiveCfg = Debug|Any CPU
		{7588469F-F891-4F7E-BD2A-E7C35B1C6072}.Debug|Any CPU.Build.0 = Debug|Any CPU
		{7588469F-F891-4F7E-BD2A-E7C35B1C6072}.Release|Any CPU.ActiveCfg = Release|Any CPU
		{7588469F-F891-4F7E-BD2A-E7C35B1C6072}.Release|Any CPU.Build.0 = Release|Any CPU
		{9F7EB066-075C-4A0B-AD37-7FDA7C4D8797}.Debug|Any CPU.ActiveCfg = Debug|Any CPU
		{9F7EB066-075C-4A0B-AD37-7FDA7C4D8797}.Debug|Any CPU.Build.0 = Debug|Any CPU
		{9F7EB066-075C-4A0B-AD37-7FDA7C4D8797}.Release|Any CPU.ActiveCfg = Release|Any CPU
		{9F7EB066-075C-4A0B-AD37-7FDA7C4D8797}.Release|Any CPU.Build.0 = Release|Any CPU
		{833FA211-A994-48F9-B18B-73B92D0B3039}.Debug|Any CPU.ActiveCfg = Debug|Any CPU
		{833FA211-A994-48F9-B18B-73B92D0B3039}.Debug|Any CPU.Build.0 = Debug|Any CPU
		{833FA211-A994-48F9-B18B-73B92D0B3039}.Release|Any CPU.ActiveCfg = Release|Any CPU
		{833FA211-A994-48F9-B18B-73B92D0B3039}.Release|Any CPU.Build.0 = Release|Any CPU
		{8C90FEC9-1779-491D-9DB7-2C2B580766E7}.Debug|Any CPU.ActiveCfg = Debug|Any CPU
		{8C90FEC9-1779-491D-9DB7-2C2B580766E7}.Debug|Any CPU.Build.0 = Debug|Any CPU
		{8C90FEC9-1779-491D-9DB7-2C2B580766E7}.Release|Any CPU.ActiveCfg = Release|Any CPU
		{8C90FEC9-1779-491D-9DB7-2C2B580766E7}.Release|Any CPU.Build.0 = Release|Any CPU
	EndGlobalSection
	GlobalSection(SolutionProperties) = preSolution
		HideSolutionNode = FALSE
	EndGlobalSection
	GlobalSection(NestedProjects) = preSolution
		{243C1DB0-1677-4938-942A-4F962465C136} = {DA01E45F-E5E0-4419-8806-306CFEBD3D61}
	EndGlobalSection
	GlobalSection(ExtensibilityGlobals) = postSolution
		SolutionGuid = {946160D1-8D63-49C7-9B52-C372ADBF133E}
	EndGlobalSection
EndGlobal
